
Microsoft Visual Studio Solution File, Format Version 12.00
# Visual Studio Version 17
VisualStudioVersion = 17.1.32414.318
MinimumVisualStudioVersion = 10.0.40219.1
Project("{FAE04EC0-301F-11D3-BF4B-00C04F79EFBC}") = "LetsGetTogether", "Let'sGetTogether\LetsGetTogether.csproj", "{72FD4109-5BFE-42EB-B840-DB74C66918CF}"
EndProject
Global
	GlobalSection(SolutionConfigurationPlatforms) = preSolution
		Debug|Any CPU = Debug|Any CPU
		Release|Any CPU = Release|Any CPU
	EndGlobalSection
	GlobalSection(ProjectConfigurationPlatforms) = postSolution
		{72FD4109-5BFE-42EB-B840-DB74C66918CF}.Debug|Any CPU.ActiveCfg = Debug|Any CPU
		{72FD4109-5BFE-42EB-B840-DB74C66918CF}.Debug|Any CPU.Build.0 = Debug|Any CPU
		{72FD4109-5BFE-42EB-B840-DB74C66918CF}.Release|Any CPU.ActiveCfg = Release|Any CPU
		{72FD4109-5BFE-42EB-B840-DB74C66918CF}.Release|Any CPU.Build.0 = Release|Any CPU
	EndGlobalSection
	GlobalSection(SolutionProperties) = preSolution
		HideSolutionNode = FALSE
	EndGlobalSection
	GlobalSection(ExtensibilityGlobals) = postSolution
		SolutionGuid = {79C125E4-6317-49EC-B480-9F53E72DF709}
	EndGlobalSection
EndGlobal
